Microsoft Visual Studio Solution File, Format Version 12.00
# Visual Studio Version 17
VisualStudioVersion = 17.5.2.0
MinimumVisualStudioVersion = 10.0.40219.1
Project("{FAE04EC0-301F-11D3-BF4B-00C04F79EFBC}") = "WorkFlowHub.Api", "WorkFlowHub.Api.csproj", "{B54FCEEF-6290-4549-26A1-5BA5DEA2BBA7}"
EndProject
Global
	GlobalSection(SolutionConfigurationPlatforms) = preSolution
		Debug|Any CPU = Debug|Any CPU
		Release|Any CPU = Release|Any CPU
	EndGlobalSection
	GlobalSection(ProjectConfigurationPlatforms) = postSolution
		{B54FCEEF-6290-4549-26A1-5BA5DEA2BBA7}.Debug|Any CPU.ActiveCfg = Debug|Any CPU
		{B54FCEEF-6290-4549-26A1-5BA5DEA2BBA7}.Debug|Any CPU.Build.0 = Debug|Any CPU
		{B54FCEEF-6290-4549-26A1-5BA5DEA2BBA7}.Release|Any CPU.ActiveCfg = Release|Any CPU
		{B54FCEEF-6290-4549-26A1-5BA5DEA2BBA7}.Release|Any CPU.Build.0 = Release|Any CPU
	EndGlobalSection
	GlobalSection(SolutionProperties) = preSolution
		HideSolutionNode = FALSE
	EndGlobalSection
	GlobalSection(ExtensibilityGlobals) = postSolution
		SolutionGuid = {4C896BB6-0503-4DCA-82BC-B6EF4B28CBE0}
	EndGlobalSection
EndGlobal
